
Microsoft Visual Studio Solution File, Format Version 12.00
# Visual Studio Version 17
VisualStudioVersion = 17.4.33403.182
MinimumVisualStudioVersion = 10.0.40219.1
Project("{9A19103F-16F7-4668-BE54-9A1E7A4F7556}") = "Tap.Dotnet.Api.Weather", "Tap.Dotnet.Api.Weather\Tap.Dotnet.Api.Weather.csproj", "{2CF53F06-B9AE-4F3D-8B28-FDD6B1C49ADB}"
EndProject
Project("{9A19103F-16F7-4668-BE54-9A1E7A4F7556}") = "Tap.Dotnet.Common", "Tap.Dotnet.Common\Tap.Dotnet.Common.csproj", "{A3410C05-3258-4C4F-A46F-D02B0C39A497}"
EndProject
Project("{9A19103F-16F7-4668-BE54-9A1E7A4F7556}") = "Tap.Dotnet.Web.Application", "Tap.Dotnet.Web.Application\Tap.Dotnet.Web.Application.csproj", "{0203602A-34B9-4257-809A-1357CF086B8D}"
EndProject
Project("{9A19103F-16F7-4668-BE54-9A1E7A4F7556}") = "Tap.Dotnet.Web.Mvc", "Tap.Dotnet.Web.Mvc\Tap.Dotnet.Web.Mvc.csproj", "{2799E249-FBD6-43AB-9E30-DC3AC818A2AD}"
EndProject
Project("{9A19103F-16F7-4668-BE54-9A1E7A4F7556}") = "Tap.Dotnet.Domain", "Tap.Dotnet.Domain\Tap.Dotnet.Domain.csproj", "{F568FFDF-106E-4F0A-8038-82F73D44A402}"
EndProject
Project("{FAE04EC0-301F-11D3-BF4B-00C04F79EFBC}") = "WeatherBit.Domain", "WeatherBit.Domain\WeatherBit.Domain.csproj", "{1016069E-9373-45D4-B38F-90AE9B26B547}"
EndProject
Global
	GlobalSection(SolutionConfigurationPlatforms) = preSolution
		Debug|Any CPU = Debug|Any CPU
		Release|Any CPU = Release|Any CPU
	EndGlobalSection
	GlobalSection(ProjectConfigurationPlatforms) = postSolution
		{2CF53F06-B9AE-4F3D-8B28-FDD6B1C49ADB}.Debug|Any CPU.ActiveCfg = Debug|Any CPU
		{2CF53F06-B9AE-4F3D-8B28-FDD6B1C49ADB}.Debug|Any CPU.Build.0 = Debug|Any CPU
		{2CF53F06-B9AE-4F3D-8B28-FDD6B1C49ADB}.Release|Any CPU.ActiveCfg = Release|Any CPU
		{2CF53F06-B9AE-4F3D-8B28-FDD6B1C49ADB}.Release|Any CPU.Build.0 = Release|Any CPU
		{A3410C05-3258-4C4F-A46F-D02B0C39A497}.Debug|Any CPU.ActiveCfg = Debug|Any CPU
		{A3410C05-3258-4C4F-A46F-D02B0C39A497}.Debug|Any CPU.Build.0 = Debug|Any CPU
		{A3410C05-3258-4C4F-A46F-D02B0C39A497}.Release|Any CPU.ActiveCfg = Release|Any CPU
		{A3410C05-3258-4C4F-A46F-D02B0C39A497}.Release|Any CPU.Build.0 = Release|Any CPU
		{0203602A-34B9-4257-809A-1357CF086B8D}.Debug|Any CPU.ActiveCfg = Debug|Any CPU
		{0203602A-34B9-4257-809A-1357CF086B8D}.Debug|Any CPU.Build.0 = Debug|Any CPU
		{0203602A-34B9-4257-809A-1357CF086B8D}.Release|Any CPU.ActiveCfg = Release|Any CPU
		{0203602A-34B9-4257-809A-1357CF086B8D}.Release|Any CPU.Build.0 = Release|Any CPU
		{2799E249-FBD6-43AB-9E30-DC3AC818A2AD}.Debug|Any CPU.ActiveCfg = Debug|Any CPU
		{2799E249-FBD6-43AB-9E30-DC3AC818A2AD}.Debug|Any CPU.Build.0 = Debug|Any CPU
		{2799E249-FBD6-43AB-9E30-DC3AC818A2AD}.Release|Any CPU.ActiveCfg = Release|Any CPU
		{2799E249-FBD6-43AB-9E30-DC3AC818A2AD}.Release|Any CPU.Build.0 = Release|Any CPU
		{F568FFDF-106E-4F0A-8038-82F73D44A402}.Debug|Any CPU.ActiveCfg = Debug|Any CPU
		{F568FFDF-106E-4F0A-8038-82F73D44A402}.Debug|Any CPU.Build.0 = Debug|Any CPU
		{F568FFDF-106E-4F0A-8038-82F73D44A402}.Release|Any CPU.ActiveCfg = Release|Any CPU
		{F568FFDF-106E-4F0A-8038-82F73D44A402}.Release|Any CPU.Build.0 = Release|Any CPU
		{1016069E-9373-45D4-B38F-90AE9B26B547}.Debug|Any CPU.ActiveCfg = Debug|Any CPU
		{1016069E-9373-45D4-B38F-90AE9B26B547}.Debug|Any CPU.Build.0 = Debug|Any CPU
		{1016069E-9373-45D4-B38F-90AE9B26B547}.Release|Any CPU.ActiveCfg = Release|Any CPU
		{1016069E-9373-45D4-B38F-90AE9B26B547}.Release|Any CPU.Build.0 = Release|Any CPU
	EndGlobalSection
	GlobalSection(SolutionProperties) = preSolution
		HideSolutionNode = FALSE
	EndGlobalSection
	GlobalSection(ExtensibilityGlobals) = postSolution
		SolutionGuid = {26C351A3-DEC3-413B-8397-F82B7FA06801}
	EndGlobalSection
EndGlobal
